
Microsoft Visual Studio Solution File, Format Version 12.00
# Visual Studio Version 17
VisualStudioVersion = 17.3.32929.385
MinimumVisualStudioVersion = 10.0.40219.1
Project("{9A19103F-16F7-4668-BE54-9A1E7A4F7556}") = "DataAccess", "DataAccess\DataAccess.csproj", "{2E1F4DFC-4516-48E1-98D6-FCBEA46700A9}"
EndProject
Project("{9A19103F-16F7-4668-BE54-9A1E7A4F7556}") = "Core", "Core\Core.csproj", "{D97EE722-7B29-414C-88E8-B003E0FE571C}"
EndProject
Project("{9A19103F-16F7-4668-BE54-9A1E7A4F7556}") = "Services", "Services\Services.csproj", "{A01FC051-DAFF-48D7-9A9D-690D8E341706}"
EndProject
Project("{9A19103F-16F7-4668-BE54-9A1E7A4F7556}") = "Entities", "Entities\Entities.csproj", "{87468349-F55B-4E22-9B28-E34CBF733138}"
EndProject
Project("{FAE04EC0-301F-11D3-BF4B-00C04F79EFBC}") = "MVC", "MVC\MVC.csproj", "{95110C62-8694-46C5-B08D-F48B74BF9D8E}"
EndProject
Global
	GlobalSection(SolutionConfigurationPlatforms) = preSolution
		Debug|Any CPU = Debug|Any CPU
		Release|Any CPU = Release|Any CPU
	EndGlobalSection
	GlobalSection(ProjectConfigurationPlatforms) = postSolution
		{2E1F4DFC-4516-48E1-98D6-FCBEA46700A9}.Debug|Any CPU.ActiveCfg = Debug|Any CPU
		{2E1F4DFC-4516-48E1-98D6-FCBEA46700A9}.Debug|Any CPU.Build.0 = Debug|Any CPU
		{2E1F4DFC-4516-48E1-98D6-FCBEA46700A9}.Release|Any CPU.ActiveCfg = Release|Any CPU
		{2E1F4DFC-4516-48E1-98D6-FCBEA46700A9}.Release|Any CPU.Build.0 = Release|Any CPU
		{D97EE722-7B29-414C-88E8-B003E0FE571C}.Debug|Any CPU.ActiveCfg = Debug|Any CPU
		{D97EE722-7B29-414C-88E8-B003E0FE571C}.Debug|Any CPU.Build.0 = Debug|Any CPU
		{D97EE722-7B29-414C-88E8-B003E0FE571C}.Release|Any CPU.ActiveCfg = Release|Any CPU
		{D97EE722-7B29-414C-88E8-B003E0FE571C}.Release|Any CPU.Build.0 = Release|Any CPU
		{A01FC051-DAFF-48D7-9A9D-690D8E341706}.Debug|Any CPU.ActiveCfg = Debug|Any CPU
		{A01FC051-DAFF-48D7-9A9D-690D8E341706}.Debug|Any CPU.Build.0 = Debug|Any CPU
		{A01FC051-DAFF-48D7-9A9D-690D8E341706}.Release|Any CPU.ActiveCfg = Release|Any CPU
		{A01FC051-DAFF-48D7-9A9D-690D8E341706}.Release|Any CPU.Build.0 = Release|Any CPU
		{87468349-F55B-4E22-9B28-E34CBF733138}.Debug|Any CPU.ActiveCfg = Debug|Any CPU
		{87468349-F55B-4E22-9B28-E34CBF733138}.Debug|Any CPU.Build.0 = Debug|Any CPU
		{87468349-F55B-4E22-9B28-E34CBF733138}.Release|Any CPU.ActiveCfg = Release|Any CPU
		{87468349-F55B-4E22-9B28-E34CBF733138}.Release|Any CPU.Build.0 = Release|Any CPU
		{95110C62-8694-46C5-B08D-F48B74BF9D8E}.Debug|Any CPU.ActiveCfg = Debug|Any CPU
		{95110C62-8694-46C5-B08D-F48B74BF9D8E}.Debug|Any CPU.Build.0 = Debug|Any CPU
		{95110C62-8694-46C5-B08D-F48B74BF9D8E}.Release|Any CPU.ActiveCfg = Release|Any CPU
		{95110C62-8694-46C5-B08D-F48B74BF9D8E}.Release|Any CPU.Build.0 = Release|Any CPU
	EndGlobalSection
	GlobalSection(SolutionProperties) = preSolution
		HideSolutionNode = FALSE
	EndGlobalSection
	GlobalSection(ExtensibilityGlobals) = postSolution
		SolutionGuid = {B9AC3ACC-2BB6-47F1-B0DC-6B7D1CCD2738}
	EndGlobalSection
EndGlobal
